
Microsoft Visual Studio Solution File, Format Version 12.00
# Visual Studio 15
VisualStudioVersion = 15.0.28307.438
MinimumVisualStudioVersion = 10.0.40219.1
Project("{9A19103F-16F7-4668-BE54-9A1E7A4F7556}") = "AutoMapper.ObjectInitializer", "src\AutoMapper.ObjectInitializer\AutoMapper.ObjectInitializer.csproj", "{C6CC973B-1D7C-4C3B-88C3-3E8C8CAF4480}"
EndProject
Global
	GlobalSection(SolutionConfigurationPlatforms) = preSolution
		Debug|Any CPU = Debug|Any CPU
		Release|Any CPU = Release|Any CPU
	EndGlobalSection
	GlobalSection(ProjectConfigurationPlatforms) = postSolution
		{C6CC973B-1D7C-4C3B-88C3-3E8C8CAF4480}.Debug|Any CPU.ActiveCfg = Debug|Any CPU
		{C6CC973B-1D7C-4C3B-88C3-3E8C8CAF4480}.Debug|Any CPU.Build.0 = Debug|Any CPU
		{C6CC973B-1D7C-4C3B-88C3-3E8C8CAF4480}.Release|Any CPU.ActiveCfg = Release|Any CPU
		{C6CC973B-1D7C-4C3B-88C3-3E8C8CAF4480}.Release|Any CPU.Build.0 = Release|Any CPU
	EndGlobalSection
	GlobalSection(SolutionProperties) = preSolution
		HideSolutionNode = FALSE
	EndGlobalSection
	GlobalSection(ExtensibilityGlobals) = postSolution
		SolutionGuid = {888A3DDD-70DD-4ACB-B7D9-126F83332BDC}
	EndGlobalSection
EndGlobal
